
Microsoft Visual Studio Solution File, Format Version 12.00
# Visual Studio 15
VisualStudioVersion = 15.0.26124.0
MinimumVisualStudioVersion = 15.0.26124.0
Project("{2150E333-8FDC-42A3-9474-1A3956D46DE8}") = "src", "src", "{77747A75-6F08-429E-B310-3E9A8670941C}"
EndProject
Project("{FAE04EC0-301F-11D3-BF4B-00C04F79EFBC}") = "FreeModBot.Framework.Tests", "src\FreeModBot.Framework.Tests\FreeModBot.Framework.Tests.csproj", "{EA370824-B243-4E12-A837-4F09C3686E49}"
EndProject
Project("{FAE04EC0-301F-11D3-BF4B-00C04F79EFBC}") = "FreeModBot.Framework", "src\FreeModBot.Framework\FreeModBot.Framework.csproj", "{B48AF142-3448-49A8-8667-06BBAB5791F7}"
EndProject
Project("{FAE04EC0-301F-11D3-BF4B-00C04F79EFBC}") = "FreeModBot", "src\FreeModBot\FreeModBot.csproj", "{410F11DE-D249-4205-9AFB-4DC03F6132F1}"
EndProject
Project("{FAE04EC0-301F-11D3-BF4B-00C04F79EFBC}") = "FreeModBot.Tests", "src\FreeModBot.Tests\FreeModBot.Tests.csproj", "{A307239A-7F79-4A64-97EB-B7D9983C4A30}"
EndProject
Global
	GlobalSection(SolutionConfigurationPlatforms) = preSolution
		Debug|Any CPU = Debug|Any CPU
		Debug|x64 = Debug|x64
		Debug|x86 = Debug|x86
		Release|Any CPU = Release|Any CPU
		Release|x64 = Release|x64
		Release|x86 = Release|x86
	EndGlobalSection
	GlobalSection(SolutionProperties) = preSolution
		HideSolutionNode = FALSE
	EndGlobalSection
	GlobalSection(ProjectConfigurationPlatforms) = postSolution
		{EA370824-B243-4E12-A837-4F09C3686E49}.Debug|Any CPU.ActiveCfg = Debug|Any CPU
		{EA370824-B243-4E12-A837-4F09C3686E49}.Debug|Any CPU.Build.0 = Debug|Any CPU
		{EA370824-B243-4E12-A837-4F09C3686E49}.Debug|x64.ActiveCfg = Debug|Any CPU
		{EA370824-B243-4E12-A837-4F09C3686E49}.Debug|x64.Build.0 = Debug|Any CPU
		{EA370824-B243-4E12-A837-4F09C3686E49}.Debug|x86.ActiveCfg = Debug|Any CPU
		{EA370824-B243-4E12-A837-4F09C3686E49}.Debug|x86.Build.0 = Debug|Any CPU
		{EA370824-B243-4E12-A837-4F09C3686E49}.Release|Any CPU.ActiveCfg = Release|Any CPU
		{EA370824-B243-4E12-A837-4F09C3686E49}.Release|Any CPU.Build.0 = Release|Any CPU
		{EA370824-B243-4E12-A837-4F09C3686E49}.Release|x64.ActiveCfg = Release|Any CPU
		{EA370824-B243-4E12-A837-4F09C3686E49}.Release|x64.Build.0 = Release|Any CPU
		{EA370824-B243-4E12-A837-4F09C3686E49}.Release|x86.ActiveCfg = Release|Any CPU
		{EA370824-B243-4E12-A837-4F09C3686E49}.Release|x86.Build.0 = Release|Any CPU
		{B48AF142-3448-49A8-8667-06BBAB5791F7}.Debug|Any CPU.ActiveCfg = Debug|Any CPU
		{B48AF142-3448-49A8-8667-06BBAB5791F7}.Debug|Any CPU.Build.0 = Debug|Any CPU
		{B48AF142-3448-49A8-8667-06BBAB5791F7}.Debug|x64.ActiveCfg = Debug|Any CPU
		{B48AF142-3448-49A8-8667-06BBAB5791F7}.Debug|x64.Build.0 = Debug|Any CPU
		{B48AF142-3448-49A8-8667-06BBAB5791F7}.Debug|x86.ActiveCfg = Debug|Any CPU
		{B48AF142-3448-49A8-8667-06BBAB5791F7}.Debug|x86.Build.0 = Debug|Any CPU
		{B48AF142-3448-49A8-8667-06BBAB5791F7}.Release|Any CPU.ActiveCfg = Release|Any CPU
		{B48AF142-3448-49A8-8667-06BBAB5791F7}.Release|Any CPU.Build.0 = Release|Any CPU
		{B48AF142-3448-49A8-8667-06BBAB5791F7}.Release|x64.ActiveCfg = Release|Any CPU
		{B48AF142-3448-49A8-8667-06BBAB5791F7}.Release|x64.Build.0 = Release|Any CPU
		{B48AF142-3448-49A8-8667-06BBAB5791F7}.Release|x86.ActiveCfg = Release|Any CPU
		{B48AF142-3448-49A8-8667-06BBAB5791F7}.Release|x86.Build.0 = Release|Any CPU
		{410F11DE-D249-4205-9AFB-4DC03F6132F1}.Debug|Any CPU.ActiveCfg = Debug|Any CPU
		{410F11DE-D249-4205-9AFB-4DC03F6132F1}.Debug|Any CPU.Build.0 = Debug|Any CPU
		{410F11DE-D249-4205-9AFB-4DC03F6132F1}.Debug|x64.ActiveCfg = Debug|Any CPU
		{410F11DE-D249-4205-9AFB-4DC03F6132F1}.Debug|x64.Build.0 = Debug|Any CPU
		{410F11DE-D249-4205-9AFB-4DC03F6132F1}.Debug|x86.ActiveCfg = Debug|Any CPU
		{410F11DE-D249-4205-9AFB-4DC03F6132F1}.Debug|x86.Build.0 = Debug|Any CPU
		{410F11DE-D249-4205-9AFB-4DC03F6132F1}.Release|Any CPU.ActiveCfg = Release|Any CPU
		{410F11DE-D249-4205-9AFB-4DC03F6132F1}.Release|Any CPU.Build.0 = Release|Any CPU
		{410F11DE-D249-4205-9AFB-4DC03F6132F1}.Release|x64.ActiveCfg = Release|Any CPU
		{410F11DE-D249-4205-9AFB-4DC03F6132F1}.Release|x64.Build.0 = Release|Any CPU
		{410F11DE-D249-4205-9AFB-4DC03F6132F1}.Release|x86.ActiveCfg = Release|Any CPU
		{410F11DE-D249-4205-9AFB-4DC03F6132F1}.Release|x86.Build.0 = Release|Any CPU
		{A307239A-7F79-4A64-97EB-B7D9983C4A30}.Debug|Any CPU.ActiveCfg = Debug|Any CPU
		{A307239A-7F79-4A64-97EB-B7D9983C4A30}.Debug|Any CPU.Build.0 = Debug|Any CPU
		{A307239A-7F79-4A64-97EB-B7D9983C4A30}.Debug|x64.ActiveCfg = Debug|Any CPU
		{A307239A-7F79-4A64-97EB-B7D9983C4A30}.Debug|x64.Build.0 = Debug|Any CPU
		{A307239A-7F79-4A64-97EB-B7D9983C4A30}.Debug|x86.ActiveCfg = Debug|Any CPU
		{A307239A-7F79-4A64-97EB-B7D9983C4A30}.Debug|x86.Build.0 = Debug|Any CPU
		{A307239A-7F79-4A64-97EB-B7D9983C4A30}.Release|Any CPU.ActiveCfg = Release|Any CPU
		{A307239A-7F79-4A64-97EB-B7D9983C4A30}.Release|Any CPU.Build.0 = Release|Any CPU
		{A307239A-7F79-4A64-97EB-B7D9983C4A30}.Release|x64.ActiveCfg = Release|Any CPU
		{A307239A-7F79-4A64-97EB-B7D9983C4A30}.Release|x64.Build.0 = Release|Any CPU
		{A307239A-7F79-4A64-97EB-B7D9983C4A30}.Release|x86.ActiveCfg = Release|Any CPU
		{A307239A-7F79-4A64-97EB-B7D9983C4A30}.Release|x86.Build.0 = Release|Any CPU
	EndGlobalSection
	GlobalSection(NestedProjects) = preSolution
		{EA370824-B243-4E12-A837-4F09C3686E49} = {77747A75-6F08-429E-B310-3E9A8670941C}
		{B48AF142-3448-49A8-8667-06BBAB5791F7} = {77747A75-6F08-429E-B310-3E9A8670941C}
		{410F11DE-D249-4205-9AFB-4DC03F6132F1} = {77747A75-6F08-429E-B310-3E9A8670941C}
		{A307239A-7F79-4A64-97EB-B7D9983C4A30} = {77747A75-6F08-429E-B310-3E9A8670941C}
	EndGlobalSection
EndGlobal
